// !$*UTF8*$!
{
	archiveVersion = 1;
	classes = {
	};
	objectVersion = 77;
	objects = {

/* Begin PBXBuildFile section */
		0418CA822EDE7B4A00AB097C /* Captura de pantalla 2025-12-01 192004.png in Resources */ = {isa = PBXBuildFile; fileRef = 0418CA802EDE7B4A00AB097C /* Captura de pantalla 2025-12-01 192004.png */; };
		0418CA8B2EDE7C0F00AB097C /* Captura_de_pantalla_2025-12-01_191754-removebg-preview.png in Resources */ = {isa = PBXBuildFile; fileRef = 0418CA892EDE7C0F00AB097C /* Captura_de_pantalla_2025-12-01_191754-removebg-preview.png */; };
		0418CA8C2EDE7C0F00AB097C /* Captura_de_pantalla_2025-12-01_191635-removebg-preview.png in Resources */ = {isa = PBXBuildFile; fileRef = 0418CA882EDE7C0F00AB097C /* Captura_de_pantalla_2025-12-01_191635-removebg-preview.png */; };
		0418CA8D2EDE7C0F00AB097C /* Captura_de_pantalla_2025-12-01_191845-removebg-preview.png in Resources */ = {isa = PBXBuildFile; fileRef = 0418CA8A2EDE7C0F00AB097C /* Captura_de_pantalla_2025-12-01_191845-removebg-preview.png */; };
		049C659B2EE129C50018078B /* musicaMenu.mp3 in Resources */ = {isa = PBXBuildFile; fileRef = 049C65992EE129C50018078B /* musicaMenu.mp3 */; };
		049C659C2EE129C50018078B /* letraCorrecta.mp3 in Resources */ = {isa = PBXBuildFile; fileRef = 049C65942EE129C50018078B /* letraCorrecta.mp3 */; };
		049C659D2EE129C50018078B /* musicaGanador.mp3 in Resources */ = {isa = PBXBuildFile; fileRef = 049C65972EE129C50018078B /* musicaGanador.mp3 */; };
		049C659E2EE129C50018078B /* musicaCreditos.mp3 in Resources */ = {isa = PBXBuildFile; fileRef = 049C65962EE129C50018078B /* musicaCreditos.mp3 */; };
		049C659F2EE129C50018078B /* error.mp3 in Resources */ = {isa = PBXBuildFile; fileRef = 049C65932EE129C50018078B /* error.mp3 */; };
		049C65A02EE129C50018078B /* musicaPerdedor.mp3 in Resources */ = {isa = PBXBuildFile; fileRef = 049C659A2EE129C50018078B /* musicaPerdedor.mp3 */; };
		049C65A12EE129C50018078B /* musicaJuego.mp3 in Resources */ = {isa = PBXBuildFile; fileRef = 049C65982EE129C50018078B /* musicaJuego.mp3 */; };
		049C65A22EE129C50018078B /* musicaBotones.mp3 in Resources */ = {isa = PBXBuildFile; fileRef = 049C65952EE129C50018078B /* musicaBotones.mp3 */; };
		04E395C02EDF9D300057E7A6 /* Captura_de_pantalla_2025-12-02_133335-removebg-preview.png in Resources */ = {isa = PBXBuildFile; fileRef = 04E395BF2EDF9D300057E7A6 /* Captura_de_pantalla_2025-12-02_133335-removebg-preview.png */; };
		04E395C12EDF9D300057E7A6 /* Captura_de_pantalla_2025-12-02_131514-removebg-preview.png in Resources */ = {isa = PBXBuildFile; fileRef = 04E395BE2EDF9D300057E7A6 /* Captura_de_pantalla_2025-12-02_131514-removebg-preview.png */; };
/* End PBXBuildFile section */

/* Begin PBXFileReference section */
		0418CA622EDE78F900AB097C /* wordle.app */ = {isa = PBXFileReference; explicitFileType = wrapper.application; includeInIndex = 0; path = wordle.app; sourceTree = BUILT_PRODUCTS_DIR; };
		0418CA802EDE7B4A00AB097C /* Captura de pantalla 2025-12-01 192004.png */ = {isa = PBXFileReference; lastKnownFileType = image.png; path = "Captura de pantalla 2025-12-01 192004.png"; sourceTree = "<group>"; };
		0418CA882EDE7C0F00AB097C /* Captura_de_pantalla_2025-12-01_191635-removebg-preview.png */ = {isa = PBXFileReference; lastKnownFileType = image.png; path = "Captura_de_pantalla_2025-12-01_191635-removebg-preview.png"; sourceTree = "<group>"; };
		0418CA892EDE7C0F00AB097C /* Captura_de_pantalla_2025-12-01_191754-removebg-preview.png */ = {isa = PBXFileReference; lastKnownFileType = image.png; path = "Captura_de_pantalla_2025-12-01_191754-removebg-preview.png"; sourceTree = "<group>"; };
		0418CA8A2EDE7C0F00AB097C /* Captura_de_pantalla_2025-12-01_191845-removebg-preview.png */ = {isa = PBXFileReference; lastKnownFileType = image.png; path = "Captura_de_pantalla_2025-12-01_191845-removebg-preview.png"; sourceTree = "<group>"; };
		049C65932EE129C50018078B /* error.mp3 */ = {isa = PBXFileReference; lastKnownFileType = audio.mp3; path = error.mp3; sourceTree = "<group>"; };
		049C65942EE129C50018078B /* letraCorrecta.mp3 */ = {isa = PBXFileReference; lastKnownFileType = audio.mp3; path = letraCorrecta.mp3; sourceTree = "<group>"; };
		049C65952EE129C50018078B /* musicaBotones.mp3 */ = {isa = PBXFileReference; lastKnownFileType = audio.mp3; path = musicaBotones.mp3; sourceTree = "<group>"; };
		049C65962EE129C50018078B /* musicaCreditos.mp3 */ = {isa = PBXFileReference; lastKnownFileType = audio.mp3; path = musicaCreditos.mp3; sourceTree = "<group>"; };
		049C65972EE129C50018078B /* musicaGanador.mp3 */ = {isa = PBXFileReference; lastKnownFileType = audio.mp3; path = musicaGanador.mp3; sourceTree = "<group>"; };
		049C65982EE129C50018078B /* musicaJuego.mp3 */ = {isa = PBXFileReference; lastKnownFileType = audio.mp3; path = musicaJuego.mp3; sourceTree = "<group>"; };
		049C65992EE129C50018078B /* musicaMenu.mp3 */ = {isa = PBXFileReference; lastKnownFileType = audio.mp3; path = musicaMenu.mp3; sourceTree = "<group>"; };
		049C659A2EE129C50018078B /* musicaPerdedor.mp3 */ = {isa = PBXFileReference; lastKnownFileType = audio.mp3; path = musicaPerdedor.mp3; sourceTree = "<group>"; };
		04E395BE2EDF9D300057E7A6 /* Captura_de_pantalla_2025-12-02_131514-removebg-preview.png */ = {isa = PBXFileReference; lastKnownFileType = image.png; path = "Captura_de_pantalla_2025-12-02_131514-removebg-preview.png"; sourceTree = "<group>"; };
		04E395BF2EDF9D300057E7A6 /* Captura_de_pantalla_2025-12-02_133335-removebg-preview.png */ = {isa = PBXFileReference; lastKnownFileType = image.png; path = "Captura_de_pantalla_2025-12-02_133335-removebg-preview.png"; sourceTree = "<group>"; };
/* End PBXFileReference section */

/* Begin PBXFileSystemSynchronizedBuildFileExceptionSet section */
		0418CA742EDE78FA00AB097C /* Exceptions for "wordle" folder in "wordle" target */ = {
			isa = PBXFileSystemSynchronizedBuildFileExceptionSet;
			membershipExceptions = (
				Info.plist,
			);
			target = 0418CA612EDE78F900AB097C /* wordle */;
		};
/* End PBXFileSystemSynchronizedBuildFileExceptionSet section */

/* Begin PBXFileSystemSynchronizedRootGroup section */
		0418CA642EDE78F900AB097C /* wordle */ = {
			isa = PBXFileSystemSynchronizedRootGroup;
			exceptions = (
				0418CA742EDE78FA00AB097C /* Exceptions for "wordle" folder in "wordle" target */,
			);
			path = wordle;
			sourceTree = "<group>";
		};
/* End PBXFileSystemSynchronizedRootGroup section */

/* Begin PBXFrameworksBuildPhase section */
		0418CA5F2EDE78F900AB097C /* Frameworks */ = {
			isa = PBXFrameworksBuildPhase;
			buildActionMask = 2147483647;
			files = (
			);
			runOnlyForDeploymentPostprocessing = 0;
		};
/* End PBXFrameworksBuildPhase section */

/* Begin PBXGroup section */
		0418CA592EDE78F900AB097C = {
			isa = PBXGroup;
			children = (
				0418CA642EDE78F900AB097C /* wordle */,
				0418CA802EDE7B4A00AB097C /* Captura de pantalla 2025-12-01 192004.png */,
				0418CA882EDE7C0F00AB097C /* Captura_de_pantalla_2025-12-01_191635-removebg-preview.png */,
				0418CA892EDE7C0F00AB097C /* Captura_de_pantalla_2025-12-01_191754-removebg-preview.png */,
				0418CA8A2EDE7C0F00AB097C /* Captura_de_pantalla_2025-12-01_191845-removebg-preview.png */,
				04E395BE2EDF9D300057E7A6 /* Captura_de_pantalla_2025-12-02_131514-removebg-preview.png */,
				04E395BF2EDF9D300057E7A6 /* Captura_de_pantalla_2025-12-02_133335-removebg-preview.png */,
				049C65932EE129C50018078B /* error.mp3 */,
				049C65942EE129C50018078B /* letraCorrecta.mp3 */,
				049C65952EE129C50018078B /* musicaBotones.mp3 */,
				049C65962EE129C50018078B /* musicaCreditos.mp3 */,
				049C65972EE129C50018078B /* musicaGanador.mp3 */,
				049C65982EE129C50018078B /* musicaJuego.mp3 */,
				049C65992EE129C50018078B /* musicaMenu.mp3 */,
				049C659A2EE129C50018078B /* musicaPerdedor.mp3 */,
				0418CA632EDE78F900AB097C /* Products */,
			);
			sourceTree = "<group>";
		};
		0418CA632EDE78F900AB097C /* Products */ = {
			isa = PBXGroup;
			children = (
				0418CA622EDE78F900AB097C /* wordle.app */,
			);
			name = Products;
			sourceTree = "<group>";
		};
/* End PBXGroup section */

/* Begin PBXNativeTarget section */
		0418CA612EDE78F900AB097C /* wordle */ = {
			isa = PBXNativeTarget;
			buildConfigurationList = 0418CA752EDE78FA00AB097C /* Build configuration list for PBXNativeTarget "wordle" */;
			buildPhases = (
				0418CA5E2EDE78F900AB097C /* Sources */,
				0418CA5F2EDE78F900AB097C /* Frameworks */,
				0418CA602EDE78F900AB097C /* Resources */,
			);
			buildRules = (
			);
			dependencies = (
			);
			fileSystemSynchronizedGroups = (
				0418CA642EDE78F900AB097C /* wordle */,
			);
			name = wordle;
			packageProductDependencies = (
			);
			productName = wordle;
			productReference = 0418CA622EDE78F900AB097C /* wordle.app */;
			productType = "com.apple.product-type.application";
		};
/* End PBXNativeTarget section */

/* Begin PBXProject section */
		0418CA5A2EDE78F900AB097C /* Project object */ = {
			isa = PBXProject;
			attributes = {
				BuildIndependentTargetsInParallel = 1;
				LastSwiftUpdateCheck = 1630;
				LastUpgradeCheck = 1630;
				TargetAttributes = {
					0418CA612EDE78F900AB097C = {
						CreatedOnToolsVersion = 16.3;
					};
				};
			};
			buildConfigurationList = 0418CA5D2EDE78F900AB097C /* Build configuration list for PBXProject "wordle" */;
			developmentRegion = en;
			hasScannedForEncodings = 0;
			knownRegions = (
				en,
				Base,
			);
			mainGroup = 0418CA592EDE78F900AB097C;
			minimizedProjectReferenceProxies = 1;
			preferredProjectObjectVersion = 77;
			productRefGroup = 0418CA632EDE78F900AB097C /* Products */;
			projectDirPath = "";
			projectRoot = "";
			targets = (
				0418CA612EDE78F900AB097C /* wordle */,
			);
		};
/* End PBXProject section */

/* Begin PBXResourcesBuildPhase section */
		0418CA602EDE78F900AB097C /* Resources */ = {
			isa = PBXResourcesBuildPhase;
			buildActionMask = 2147483647;
			files = (
				0418CA822EDE7B4A00AB097C /* Captura de pantalla 2025-12-01 192004.png in Resources */,
				0418CA8B2EDE7C0F00AB097C /* Captura_de_pantalla_2025-12-01_191754-removebg-preview.png in Resources */,
				04E395C02EDF9D300057E7A6 /* Captura_de_pantalla_2025-12-02_133335-removebg-preview.png in Resources */,
				04E395C12EDF9D300057E7A6 /* Captura_de_pantalla_2025-12-02_131514-removebg-preview.png in Resources */,
				049C659B2EE129C50018078B /* musicaMenu.mp3 in Resources */,
				049C659C2EE129C50018078B /* letraCorrecta.mp3 in Resources */,
				049C659D2EE129C50018078B /* musicaGanador.mp3 in Resources */,
				049C659E2EE129C50018078B /* musicaCreditos.mp3 in Resources */,
				049C659F2EE129C50018078B /* error.mp3 in Resources */,
				049C65A02EE129C50018078B /* musicaPerdedor.mp3 in Resources */,
				049C65A12EE129C50018078B /* musicaJuego.mp3 in Resources */,
				049C65A22EE129C50018078B /* musicaBotones.mp3 in Resources */,
				0418CA8C2EDE7C0F00AB097C /* Captura_de_pantalla_2025-12-01_191635-removebg-preview.png in Resources */,
				0418CA8D2EDE7C0F00AB097C /* Captura_de_pantalla_2025-12-01_191845-removebg-preview.png in Resources */,
			);
			runOnlyForDeploymentPostprocessing = 0;
		};
/* End PBXResourcesBuildPhase section */

/* Begin PBXSourcesBuildPhase section */
		0418CA5E2EDE78F900AB097C /* Sources */ = {
			isa = PBXSourcesBuildPhase;
			buildActionMask = 2147483647;
			files = (
			);
			runOnlyForDeploymentPostprocessing = 0;
		};
/* End PBXSourcesBuildPhase section */

/* Begin XCBuildConfiguration section */
		0418CA762EDE78FA00AB097C /* Debug */ = {
			isa = XCBuildConfiguration;
			buildSettings = {
				ASSETCATALOG_COMPILER_APPICON_NAME = AppIcon;
				ASSETCATALOG_COMPILER_GLOBAL_ACCENT_COLOR_NAME = AccentColor;
				CODE_SIGN_STYLE = Automatic;
				CURRENT_PROJECT_VERSION = 1;
				GENERATE_INFOPLIST_FILE = YES;
				INFOPLIST_FILE = wordle/Info.plist;
				INFOPLIST_KEY_UIApplicationSupportsIndirectInputEvents = YES;
				INFOPLIST_KEY_UILaunchStoryboardName = LaunchScreen;
				INFOPLIST_KEY_UIMainStoryboardFile = Main;
				INFOPLIST_KEY_UISupportedInterfaceOrientations = UIInterfaceOrientationPortrait;
				INFOPLIST_KEY_UISupportedInterfaceOrientations_iPad = "UIInterfaceOrientationLandscapeLeft UIInterfaceOrientationLandscapeRight UIInterfaceOrientationPortrait UIInterfaceOrientationPortraitUpsideDown";
				IPHONEOS_DEPLOYMENT_TARGET = 18.0;
				LD_RUNPATH_SEARCH_PATHS = (
					"$(inherited)",
					"@executable_path/Frameworks",
				);
				MARKETING_VERSION = 1.0;
				PRODUCT_BUNDLE_IDENTIFIER = utt.wordle;
				PRODUCT_NAME = "$(TARGET_NAME)";
				SUPPORTED_PLATFORMS = "iphoneos iphonesimulator";
				SUPPORTS_MACCATALYST = NO;
				SUPPORTS_MAC_DESIGNED_FOR_IPHONE_IPAD = NO;
				SUPPORTS_XR_DESIGNED_FOR_IPHONE_IPAD = NO;
				SWIFT_EMIT_LOC_STRINGS = YES;
				SWIFT_VERSION = 5.0;
				TARGETED_DEVICE_FAMILY = 1;
			};
			name = Debug;
		};
		0418CA772EDE78FA00AB097C /* Release */ = {
			isa = XCBuildConfiguration;
			buildSettings = {
				ASSETCATALOG_COMPILER_APPICON_NAME = AppIcon;
				ASSETCATALOG_COMPILER_GLOBAL_ACCENT_COLOR_NAME = AccentColor;
				CODE_SIGN_STYLE = Automatic;
				CURRENT_PROJECT_VERSION = 1;
				GENERATE_INFOPLIST_FILE = YES;
				INFOPLIST_FILE = wordle/Info.plist;
				INFOPLIST_KEY_UIApplicationSupportsIndirectInputEvents = YES;
				INFOPLIST_KEY_UILaunchStoryboardName = LaunchScreen;
				INFOPLIST_KEY_UIMainStoryboardFile = Main;
				INFOPLIST_KEY_UISupportedInterfaceOrientations = UIInterfaceOrientationPortrait;
				INFOPLIST_KEY_UISupportedInterfaceOrientations_iPad = "UIInterfaceOrientationLandscapeLeft UIInterfaceOrientationLandscapeRight UIInterfaceOrientationPortrait UIInterfaceOrientationPortraitUpsideDown";
				IPHONEOS_DEPLOYMENT_TARGET = 18.0;
				LD_RUNPATH_SEARCH_PATHS = (
					"$(inherited)",
					"@executable_path/Frameworks",
				);
				MARKETING_VERSION = 1.0;
				PRODUCT_BUNDLE_IDENTIFIER = utt.wordle;
				PRODUCT_NAME = "$(TARGET_NAME)";
				SUPPORTED_PLATFORMS = "iphoneos iphonesimulator";
				SUPPORTS_MACCATALYST = NO;
				SUPPORTS_MAC_DESIGNED_FOR_IPHONE_IPAD = NO;
				SUPPORTS_XR_DESIGNED_FOR_IPHONE_IPAD = NO;
				SWIFT_EMIT_LOC_STRINGS = YES;
				SWIFT_VERSION = 5.0;
				TARGETED_DEVICE_FAMILY = 1;
			};
			name = Release;
		};
		0418CA782EDE78FA00AB097C /* Debug */ = {
			isa = XCBuildConfiguration;
			buildSettings = {
				ALWAYS_SEARCH_USER_PATHS = NO;
				ASSETCATALOG_COMPILER_GENERATE_SWIFT_ASSET_SYMBOL_EXTENSIONS = YES;
				CLANG_ANALYZER_NONNULL = YES;
				CLANG_ANALYZER_NUMBER_OBJECT_CONVERSION = YES_AGGRESSIVE;
				CLANG_CXX_LANGUAGE_STANDARD = "gnu++20";
				CLANG_ENABLE_MODULES = YES;
				CLANG_ENABLE_OBJC_ARC = YES;
				CLANG_ENABLE_OBJC_WEAK = YES;
				CLANG_WARN_BLOCK_CAPTURE_AUTORELEASING = YES;
				CLANG_WARN_BOOL_CONVERSION = YES;
				CLANG_WARN_COMMA = YES;
				CLANG_WARN_CONSTANT_CONVERSION = YES;
				CLANG_WARN_DEPRECATED_OBJC_IMPLEMENTATIONS = YES;
				CLANG_WARN_DIRECT_OBJC_ISA_USAGE = YES_ERROR;
				CLANG_WARN_DOCUMENTATION_COMMENTS = YES;
				CLANG_WARN_EMPTY_BODY = YES;
				CLANG_WARN_ENUM_CONVERSION = YES;
				CLANG_WARN_INFINITE_RECURSION = YES;
				CLANG_WARN_INT_CONVERSION = YES;
				CLANG_WARN_NON_LITERAL_NULL_CONVERSION = YES;
				CLANG_WARN_OBJC_IMPLICIT_RETAIN_SELF = YES;
				CLANG_WARN_OBJC_LITERAL_CONVERSION = YES;
				CLANG_WARN_OBJC_ROOT_CLASS = YES_ERROR;
				CLANG_WARN_QUOTED_INCLUDE_IN_FRAMEWORK_HEADER = YES;
				CLANG_WARN_RANGE_LOOP_ANALYSIS = YES;
				CLANG_WARN_STRICT_PROTOTYPES = YES;
				CLANG_WARN_SUSPICIOUS_MOVE = YES;
				CLANG_WARN_UNGUARDED_AVAILABILITY = YES_AGGRESSIVE;
				CLANG_WARN_UNREACHABLE_CODE = YES;
				CLANG_WARN__DUPLICATE_METHOD_MATCH = YES;
				COPY_PHASE_STRIP = NO;
				DEBUG_INFORMATION_FORMAT = dwarf;
				ENABLE_STRICT_OBJC_MSGSEND = YES;
				ENABLE_TESTABILITY = YES;
				ENABLE_USER_SCRIPT_SANDBOXING = YES;
				GCC_C_LANGUAGE_STANDARD = gnu17;
				GCC_DYNAMIC_NO_PIC = NO;
				GCC_NO_COMMON_BLOCKS = YES;
				GCC_OPTIMIZATION_LEVEL = 0;
				GCC_PREPROCESSOR_DEFINITIONS = (
					"DEBUG=1",
					"$(inherited)",
				);
				GCC_WARN_64_TO_32_BIT_CONVERSION = YES;
				GCC_WARN_ABOUT_RETURN_TYPE = YES_ERROR;
				GCC_WARN_UNDECLARED_SELECTOR = YES;
				GCC_WARN_UNINITIALIZED_AUTOS = YES_AGGRESSIVE;
				GCC_WARN_UNUSED_FUNCTION = YES;
				GCC_WARN_UNUSED_VARIABLE = YES;
				IPHONEOS_DEPLOYMENT_TARGET = 18.4;
				LOCALIZATION_PREFERS_STRING_CATALOGS = YES;
				MTL_ENABLE_DEBUG_INFO = INCLUDE_SOURCE;
				MTL_FAST_MATH = YES;
				ONLY_ACTIVE_ARCH = YES;
				SDKROOT = iphoneos;
				SWIFT_ACTIVE_COMPILATION_CONDITIONS = "DEBUG $(inherited)";
				SWIFT_OPTIMIZATION_LEVEL = "-Onone";
			};
			name = Debug;
		};
		0418CA792EDE78FA00AB097C /* Release */ = {
			isa = XCBuildConfiguration;
			buildSettings = {
				ALWAYS_SEARCH_USER_PATHS = NO;
				ASSETCATALOG_COMPILER_GENERATE_SWIFT_ASSET_SYMBOL_EXTENSIONS = YES;
				CLANG_ANALYZER_NONNULL = YES;
				CLANG_ANALYZER_NUMBER_OBJECT_CONVERSION = YES_AGGRESSIVE;
				CLANG_CXX_LANGUAGE_STANDARD = "gnu++20";
				CLANG_ENABLE_MODULES = YES;
				CLANG_ENABLE_OBJC_ARC = YES;
				CLANG_ENABLE_OBJC_WEAK = YES;
				CLANG_WARN_BLOCK_CAPTURE_AUTORELEASING = YES;
				CLANG_WARN_BOOL_CONVERSION = YES;
				CLANG_WARN_COMMA = YES;
				CLANG_WARN_CONSTANT_CONVERSION = YES;
				CLANG_WARN_DEPRECATED_OBJC_IMPLEMENTATIONS = YES;
				CLANG_WARN_DIRECT_OBJC_ISA_USAGE = YES_ERROR;
				CLANG_WARN_DOCUMENTATION_COMMENTS = YES;
				CLANG_WARN_EMPTY_BODY = YES;
				CLANG_WARN_ENUM_CONVERSION = YES;
				CLANG_WARN_INFINITE_RECURSION = YES;
				CLANG_WARN_INT_CONVERSION = YES;
				CLANG_WARN_NON_LITERAL_NULL_CONVERSION = YES;
				CLANG_WARN_OBJC_IMPLICIT_RETAIN_SELF = YES;
				CLANG_WARN_OBJC_LITERAL_CONVERSION = YES;
				CLANG_WARN_OBJC_ROOT_CLASS = YES_ERROR;
				CLANG_WARN_QUOTED_INCLUDE_IN_FRAMEWORK_HEADER = YES;
				CLANG_WARN_RANGE_LOOP_ANALYSIS = YES;
				CLANG_WARN_STRICT_PROTOTYPES = YES;
				CLANG_WARN_SUSPICIOUS_MOVE = YES;
				CLANG_WARN_UNGUARDED_AVAILABILITY = YES_AGGRESSIVE;
				CLANG_WARN_UNREACHABLE_CODE = YES;
				CLANG_WARN__DUPLICATE_METHOD_MATCH = YES;
				COPY_PHASE_STRIP = NO;
				DEBUG_INFORMATION_FORMAT = "dwarf-with-dsym";
				ENABLE_NS_ASSERTIONS = NO;
				ENABLE_STRICT_OBJC_MSGSEND = YES;
				ENABLE_USER_SCRIPT_SANDBOXING = YES;
				GCC_C_LANGUAGE_STANDARD = gnu17;
				GCC_NO_COMMON_BLOCKS = YES;
				GCC_WARN_64_TO_32_BIT_CONVERSION = YES;
				GCC_WARN_ABOUT_RETURN_TYPE = YES_ERROR;
				GCC_WARN_UNDECLARED_SELECTOR = YES;
				GCC_WARN_UNINITIALIZED_AUTOS = YES_AGGRESSIVE;
				GCC_WARN_UNUSED_FUNCTION = YES;
				GCC_WARN_UNUSED_VARIABLE = YES;
				IPHONEOS_DEPLOYMENT_TARGET = 18.4;
				LOCALIZATION_PREFERS_STRING_CATALOGS = YES;
				MTL_ENABLE_DEBUG_INFO = NO;
				MTL_FAST_MATH = YES;
				ONLY_ACTIVE_ARCH = YES;
				SDKROOT = iphoneos;
				SWIFT_COMPILATION_MODE = wholemodule;
				VALIDATE_PRODUCT = YES;
			};
			name = Release;
		};
/* End XCBuildConfiguration section */

/* Begin XCConfigurationList section */
		0418CA5D2EDE78F900AB097C /* Build configuration list for PBXProject "wordle" */ = {
			isa = XCConfigurationList;
			buildConfigurations = (
				0418CA782EDE78FA00AB097C /* Debug */,
				0418CA792EDE78FA00AB097C /* Release */,
			);
			defaultConfigurationIsVisible = 0;
			defaultConfigurationName = Release;
		};
		0418CA752EDE78FA00AB097C /* Build configuration list for PBXNativeTarget "wordle" */ = {
			isa = XCConfigurationList;
			buildConfigurations = (
				0418CA762EDE78FA00AB097C /* Debug */,
				0418CA772EDE78FA00AB097C /* Release */,
			);
			defaultConfigurationIsVisible = 0;
			defaultConfigurationName = Release;
		};
/* End XCConfigurationList section */
	};
	rootObject = 0418CA5A2EDE78F900AB097C /* Project object */;
}
